Microsoft Visual Studio Solution File, Format Version 12.00
# Visual Studio Version 17
VisualStudioVersion = 17.5.2.0
MinimumVisualStudioVersion = 10.0.40219.1
Project("{2150E333-8FDC-42A3-9474-1A3956D46DE8}") = "native", "native", "{2F2BA0B1-8447-348E-8DA4-622F0257D38B}"
EndProject
Project("{2150E333-8FDC-42A3-9474-1A3956D46DE8}") = "winui3", "winui3", "{510329EF-5F9C-249C-7DE9-615E54FE2157}"
EndProject
Project("{FAE04EC0-301F-11D3-BF4B-00C04F79EFBC}") = "GlassDemo", "native\winui3\GlassDemo\GlassDemo.csproj", "{EF1B3E9C-F4E6-604B-720D-2D396A8D1227}"
EndProject
Global
	GlobalSection(SolutionConfigurationPlatforms) = preSolution
		Debug|Any CPU = Debug|Any CPU
		Release|Any CPU = Release|Any CPU
	EndGlobalSection
	GlobalSection(ProjectConfigurationPlatforms) = postSolution
		{EF1B3E9C-F4E6-604B-720D-2D396A8D1227}.Debug|Any CPU.ActiveCfg = Debug|Any CPU
		{EF1B3E9C-F4E6-604B-720D-2D396A8D1227}.Debug|Any CPU.Build.0 = Debug|Any CPU
		{EF1B3E9C-F4E6-604B-720D-2D396A8D1227}.Release|Any CPU.ActiveCfg = Release|Any CPU
		{EF1B3E9C-F4E6-604B-720D-2D396A8D1227}.Release|Any CPU.Build.0 = Release|Any CPU
	EndGlobalSection
	GlobalSection(SolutionProperties) = preSolution
		HideSolutionNode = FALSE
	EndGlobalSection
	GlobalSection(NestedProjects) = preSolution
		{510329EF-5F9C-249C-7DE9-615E54FE2157} = {2F2BA0B1-8447-348E-8DA4-622F0257D38B}
		{EF1B3E9C-F4E6-604B-720D-2D396A8D1227} = {510329EF-5F9C-249C-7DE9-615E54FE2157}
	EndGlobalSection
	GlobalSection(ExtensibilityGlobals) = postSolution
		SolutionGuid = {77C1EFFC-342B-4E90-9959-8E15AA9B9787}
	EndGlobalSection
EndGlobal
